
Microsoft Visual Studio Solution File, Format Version 12.00
# Visual Studio 15
VisualStudioVersion = 15.0.27703.2018
MinimumVisualStudioVersion = 10.0.40219.1
Project("{FAE04EC0-301F-11D3-BF4B-00C04F79EFBC}") = "MVCNorthWind", "MVCNorthWind\MVCNorthWind.csproj", "{947F359D-38CB-4CD3-9A55-F326B43EFAF0}"
EndProject
Project("{FAE04EC0-301F-11D3-BF4B-00C04F79EFBC}") = "MVCNorthWind.BLL", "MVCNorthWind.BLL\MVCNorthWind.BLL.csproj", "{A6CBF395-B304-47AC-B3D8-9D1D0F1207E1}"
EndProject
Project("{FAE04EC0-301F-11D3-BF4B-00C04F79EFBC}") = "MVCNorthWind.DAL", "MVCNorthWind.DAL\MVCNorthWind.DAL.csproj", "{F521C130-56D9-4DD8-8B44-B6A6B98D6C3D}"
EndProject
Project("{FAE04EC0-301F-11D3-BF4B-00C04F79EFBC}") = "MVCNorthWind.Entity", "MVCNorthWind.Entity\MVCNorthWind.Entity.csproj", "{755D7AD1-A864-40C1-B32E-652EC3FD278B}"
EndProject
Global
	GlobalSection(SolutionConfigurationPlatforms) = preSolution
		Debug|Any CPU = Debug|Any CPU
		Release|Any CPU = Release|Any CPU
	EndGlobalSection
	GlobalSection(ProjectConfigurationPlatforms) = postSolution
		{947F359D-38CB-4CD3-9A55-F326B43EFAF0}.Debug|Any CPU.ActiveCfg = Debug|Any CPU
		{947F359D-38CB-4CD3-9A55-F326B43EFAF0}.Debug|Any CPU.Build.0 = Debug|Any CPU
		{947F359D-38CB-4CD3-9A55-F326B43EFAF0}.Release|Any CPU.ActiveCfg = Release|Any CPU
		{947F359D-38CB-4CD3-9A55-F326B43EFAF0}.Release|Any CPU.Build.0 = Release|Any CPU
		{A6CBF395-B304-47AC-B3D8-9D1D0F1207E1}.Debug|Any CPU.ActiveCfg = Debug|Any CPU
		{A6CBF395-B304-47AC-B3D8-9D1D0F1207E1}.Debug|Any CPU.Build.0 = Debug|Any CPU
		{A6CBF395-B304-47AC-B3D8-9D1D0F1207E1}.Release|Any CPU.ActiveCfg = Release|Any CPU
		{A6CBF395-B304-47AC-B3D8-9D1D0F1207E1}.Release|Any CPU.Build.0 = Release|Any CPU
		{F521C130-56D9-4DD8-8B44-B6A6B98D6C3D}.Debug|Any CPU.ActiveCfg = Debug|Any CPU
		{F521C130-56D9-4DD8-8B44-B6A6B98D6C3D}.Debug|Any CPU.Build.0 = Debug|Any CPU
		{F521C130-56D9-4DD8-8B44-B6A6B98D6C3D}.Release|Any CPU.ActiveCfg = Release|Any CPU
		{F521C130-56D9-4DD8-8B44-B6A6B98D6C3D}.Release|Any CPU.Build.0 = Release|Any CPU
		{755D7AD1-A864-40C1-B32E-652EC3FD278B}.Debug|Any CPU.ActiveCfg = Debug|Any CPU
		{755D7AD1-A864-40C1-B32E-652EC3FD278B}.Debug|Any CPU.Build.0 = Debug|Any CPU
		{755D7AD1-A864-40C1-B32E-652EC3FD278B}.Release|Any CPU.ActiveCfg = Release|Any CPU
		{755D7AD1-A864-40C1-B32E-652EC3FD278B}.Release|Any CPU.Build.0 = Release|Any CPU
	EndGlobalSection
	GlobalSection(SolutionProperties) = preSolution
		HideSolutionNode = FALSE
	EndGlobalSection
	GlobalSection(ExtensibilityGlobals) = postSolution
		SolutionGuid = {E16A0F6F-DAC2-45A1-AF2A-13ACEC74CAE8}
	EndGlobalSection
EndGlobal
